# THIS IS AN AUTOGENERATED FILE. DO NOT EDIT THIS FILE DIRECTLY.
# yarn lockfile v1


path-data-parser@0.1.0, path-data-parser@^0.1.0:
  version "0.1.0"
  resolved "https://registry.yarnpkg.com/path-data-parser/-/path-data-parser-0.1.0.tgz#8f5ba5cc70fc7becb3dcefaea08e2659aba60b8c"
  integrity sha512-NOnmBpt5Y2RWbuv0LMzsayp3lVylAHLPUTut412ZA3l+C4uw4ZVkQbjShYCQ8TCpUMdPapr4YjUqLYD6v68j+w==

points-on-curve@0.2.0, points-on-curve@^0.2.0:
  version "0.2.0"
  resolved "https://registry.yarnpkg.com/points-on-curve/-/points-on-curve-0.2.0.tgz#7dbb98c43791859434284761330fa893cb81b4d1"
  integrity sha512-0mYKnYYe9ZcqMCWhUjItv/oHjvgEsfKvnUTg8sAtnHr3GVy7rGkXCb6d5cSyqrWqL4k81b9CPg3urd+T7aop3A==

points-on-path@^0.2.1:
  version "0.2.1"
  resolved "https://registry.yarnpkg.com/points-on-path/-/points-on-path-0.2.1.tgz#553202b5424c53bed37135b318858eacff85dd52"
  integrity sha512-25ClnWWuw7JbWZcgqY/gJ4FQWadKxGWk+3kR/7kD0tCaDtPPMj7oHu2ToLaVhfpnHrZzYby2w6tUA0eOIuUg8g==
  dependencies:
    path-data-parser "0.1.0"
    points-on-curve "0.2.0"

roughjs@^4.3.1:
  version "4.3.1"
  resolved "https://registry.yarnpkg.com/roughjs/-/roughjs-4.3.1.tgz#b7af0b205c94bc3b79ee5a7eae1e09d5063bc3fe"
  integrity sha512-m42+OBaBR7x5UhIKyjBCnWqqkaEkBKLkXvHv4pOWJXPofvMnQY4ZcFEQlqf3coKKyZN2lfWMyx7QXSg2GD7SGA==
  dependencies:
    path-data-parser "^0.1.0"
    points-on-curve "^0.2.0"
    points-on-path "^0.2.1"

svg-path-tools@^1.0.0:
  version "1.0.0"
  resolved "https://registry.yarnpkg.com/svg-path-tools/-/svg-path-tools-1.0.0.tgz#cb03f0a07da9b83769a8f4efe0090950cbdf8d76"
  integrity sha512-bBvb8aqFRkds749JhsKXd9v88wXISryj0Pan6TDI7iDLiHVAg+lV7J1ufGgbLmpR+Xdf083eH8boBMzyqpDyGQ==
